
Microsoft Visual Studio Solution File, Format Version 12.00
# Visual Studio 15
VisualStudioVersion = 15.0.28307.1622
MinimumVisualStudioVersion = 10.0.40219.1
Project("{9A19103F-16F7-4668-BE54-9A1E7A4F7556}") = "KikoleApi", "KikoleApi\KikoleApi.csproj", "{70C6AF71-651B-48AC-A993-8E3C7ABA5FFB}"
EndProject
Project("{FAE04EC0-301F-11D3-BF4B-00C04F79EFBC}") = "KikoleSite", "KikoleSite\KikoleSite.csproj", "{7CD39BF7-25E0-40D6-BB03-1830C8CFCD6A}"
EndProject
Global
	GlobalSection(SolutionConfigurationPlatforms) = preSolution
		Debug|Any CPU = Debug|Any CPU
		Release|Any CPU = Release|Any CPU
	EndGlobalSection
	GlobalSection(ProjectConfigurationPlatforms) = postSolution
		{70C6AF71-651B-48AC-A993-8E3C7ABA5FFB}.Debug|Any CPU.ActiveCfg = Debug|Any CPU
		{70C6AF71-651B-48AC-A993-8E3C7ABA5FFB}.Debug|Any CPU.Build.0 = Debug|Any CPU
		{70C6AF71-651B-48AC-A993-8E3C7ABA5FFB}.Release|Any CPU.ActiveCfg = Release|Any CPU
		{70C6AF71-651B-48AC-A993-8E3C7ABA5FFB}.Release|Any CPU.Build.0 = Release|Any CPU
		{7CD39BF7-25E0-40D6-BB03-1830C8CFCD6A}.Debug|Any CPU.ActiveCfg = Debug|Any CPU
		{7CD39BF7-25E0-40D6-BB03-1830C8CFCD6A}.Debug|Any CPU.Build.0 = Debug|Any CPU
		{7CD39BF7-25E0-40D6-BB03-1830C8CFCD6A}.Release|Any CPU.ActiveCfg = Release|Any CPU
		{7CD39BF7-25E0-40D6-BB03-1830C8CFCD6A}.Release|Any CPU.Build.0 = Release|Any CPU
	EndGlobalSection
	GlobalSection(SolutionProperties) = preSolution
		HideSolutionNode = FALSE
	EndGlobalSection
	GlobalSection(ExtensibilityGlobals) = postSolution
		SolutionGuid = {E941BC76-E5C6-4512-A180-236B929062A6}
	EndGlobalSection
EndGlobal
